# This file is autogenerated, do not edit; changes may be undone by the next 'dep ensure'.


[[projects]]
  branch = "master"
  digest = "1:b02e5e3f836f077a3249d1dfe3c57d305e007f71a98f2e69c170a2dd8d2b266c"
  name = "github.com/AndreasBriese/bbloom"
  packages = ["."]
  pruneopts = "UT"
  revision = "343706a395b76e5ca5c7dca46a5d937b48febc74"

[[projects]]
  branch = "master"
  digest = "1:4cf11742b199ab3aacf26b00187e72f7ff8ba2145f363b74f295d54f098f79e4"
  name = "github.com/agl/ed25519"
  packages = [
    ".",
    "edwards25519",
    "extra25519",
  ]
  pruneopts = "UT"
  revision = "5312a61534124124185d41f09206b9fef1d88403"

[[projects]]
  branch = "master"
  digest = "1:7d191fd0c54ff370eaf6116a14dafe2a328df487baea280699f597aae858d00d"
  name = "github.com/aristanetworks/goarista"
  packages = ["monotime"]
  pruneopts = "UT"
  revision = "8f049bdb8feb7d7d5f1a9b9cd854396112fb0c0e"

[[projects]]
  branch = "master"
  digest = "1:d6afaeed1502aa28e80a4ed0981d570ad91b2579193404256ce672ed0a609e0d"
  name = "github.com/beorn7/perks"
  packages = ["quantile"]
  pruneopts = "UT"
  revision = "3a771d992973f24aa725d07868b467d1ddfceafb"

[[projects]]
  branch = "master"
  digest = "1:c0decf632843204d2b8781de7b26e7038584e2dcccc7e2f401e88ae85b1df2b7"
  name = "github.com/btcsuite/btcd"
  packages = ["btcec"]
  pruneopts = "UT"
  revision = "67e573d211ace594f1366b4ce9d39726c4b19bd0"

[[projects]]
  digest = "1:166438587ed45ac211dab8a3ecebf4fa0c186d0db63430fb9127bbc2e5fcdc67"
  name = "github.com/cenkalti/backoff"
  packages = ["."]
  pruneopts = "UT"
  revision = "1e4cf3da559842a91afcb6ea6141451e6c30c618"
  version = "v2.1.1"

[[projects]]
  branch = "master"
  digest = "1:64c47337097f2e58eb97cc6dd5994b88c142737f2f13a685c90211e72d87ca03"
  name = "github.com/coopernurse/barrister-go"
  packages = ["."]
  pruneopts = "UT"
  revision = "efbfefb2c4a3db0b55f74d1d1a985317a24ff7de"

[[projects]]
  digest = "1:0ef770954bca104ee99b3b6b7f9b240605ac03517d9f98cbc1893daa03f3c038"
  name = "github.com/coreos/go-semver"
  packages = ["semver"]
  pruneopts = "UT"
  revision = "8ab6407b697782a06568d4b7f1db25550ec2e4c6"
  version = "v0.2.0"

[[projects]]
  digest = "1:ffe9824d294da03b391f44e1ae8281281b4afc1bdaa9588c9097785e3af10cec"
  name = "github.com/davecgh/go-spew"
  packages = ["spew"]
  pruneopts = "UT"
  revision = "8991bc29aa16c548c550c7ff78260e27b9ab7c73"
  version = "v1.1.1"

[[projects]]
  digest = "1:e47d51dab652d26c3fba6f8cba403f922d02757a82abdc77e90df7948daf296e"
  name = "github.com/deckarep/golang-set"
  packages = ["."]
  pruneopts = "UT"
  revision = "cbaa98ba5575e67703b32b4b19f73c91f3c4159e"
  version = "v1.7.1"

[[projects]]
  digest = "1:5f5090f05382959db941fa45acbeb7f4c5241aa8ac0f8f4393dec696e5953f53"
  name = "github.com/dgraph-io/badger"
  packages = [
    ".",
    "options",
    "protos",
    "skl",
    "table",
    "y",
  ]
  pruneopts = "UT"
  revision = "99233d725dbdd26d156c61b2f42ae1671b794656"
  version = "v1.5.4"

[[projects]]
  branch = "master"
  digest = "1:8583eab935e3d99d3a7ac489cd2ee7c8e95eecd7c64ab1fc8382746dacaf8563"
  name = "github.com/dgryski/go-farm"
  packages = ["."]
  pruneopts = "UT"
  revision = "2de33835d10275975374b37b2dcfd22c9020a1f5"

[[projects]]
  branch = "master"
  digest = "1:5fe3f6ede1c208a2efd3b78fe4df0306aa9624edd39476143d14f0326e5a8d29"
  name = "github.com/facebookgo/clock"
  packages = ["."]
  pruneopts = "UT"
  revision = "600d898af40aa09a7a93ecb9265d87b0504b6f03"

[[projects]]
  digest = "1:d1341a04a4443bba8c8af76ec6c3960206074490a1284b4853ff5a88a66c63b7"
  name = "github.com/fd/go-nat"
  packages = ["."]
  pruneopts = "UT"
  revision = "bad65a492f32121a87197f4a085905c35e2a367e"
  version = "v1.0.0"

[[projects]]
  digest = "1:ec6f9bf5e274c833c911923c9193867f3f18788c461f76f05f62bb1510e0ae65"
  name = "github.com/go-sql-driver/mysql"
  packages = ["."]
  pruneopts = "UT"
  revision = "72cd26f257d44c1114970e19afddcd812016007e"
  version = "v1.4.1"

[[projects]]
  digest = "1:586ea76dbd0374d6fb649a91d70d652b7fe0ccffb8910a77468e7702e7901f3d"
  name = "github.com/go-stack/stack"
  packages = ["."]
  pruneopts = "UT"
  revision = "2fee6af1a9795aafbe0253a0cfbdf668e1fb8a9a"
  version = "v1.8.0"

[[projects]]
  digest = "1:2537bea8e6a4a90946bcd145cbdbd6f54d2dc263b3dee0ad96894e555a474f8b"
  name = "github.com/gogo/protobuf"
  packages = [
    "io",
    "proto",
  ]
  pruneopts = "UT"
  revision = "636bf0302bc95575d69441b25a2603156ffdddf1"
  version = "v1.1.1"

[[projects]]
  digest = "1:b60efdeb75d3c0ceed88783ac2495256aba3491a537d0f31401202579fd62a94"
  name = "github.com/golang/mock"
  packages = ["gomock"]
  pruneopts = "UT"
  revision = "51421b967af1f557f93a59e0057aaf15ca02e29c"
  version = "v1.2.0"

[[projects]]
  digest = "1:9d6dc4d6de69b330d0de86494d6db90c09848c003d5db748f40c925f865c8534"
  name = "github.com/golang/protobuf"
  packages = [
    "jsonpb",
    "proto",
    "ptypes",
    "ptypes/any",
    "ptypes/duration",
    "ptypes/struct",
    "ptypes/timestamp",
  ]
  pruneopts = "UT"
  revision = "aa810b61a9c79d51363740d207bb46cf8e620ed5"
  version = "v1.2.0"

[[projects]]
  digest = "1:236d7e1bdb50d8f68559af37dbcf9d142d56b431c9b2176d41e2a009b664cda8"
  name = "github.com/google/uuid"
  packages = ["."]
  pruneopts = "UT"
  revision = "9b3b1e0f5f99ae461456d768e7d301a7acdaa2d8"
  version = "v1.1.0"

[[projects]]
  digest = "1:7b5c6e2eeaa9ae5907c391a91c132abfd5c9e8a784a341b5625e750c67e6825d"
  name = "github.com/gorilla/websocket"
  packages = ["."]
  pruneopts = "UT"
  revision = "66b9c49e59c6c48f0ffce28c2d8b8a5678502c6d"
  version = "v1.4.0"

[[projects]]
  branch = "master"
  digest = "1:31e6ca5d3801cd74e569cb9597d5a0b06d862307ffb045e581b44fe4a316ea09"
  name = "github.com/gxed/GoEndian"
  packages = ["."]
  pruneopts = "UT"
  revision = "0f5c6873267e5abf306ffcdfcfa4bf77517ef4a7"

[[projects]]
  branch = "master"
  digest = "1:dc57a2580e33eae03691c9ede0b30cf1dc622ff471fc6a36388879ded5702d02"
  name = "github.com/gxed/eventfd"
  packages = ["."]
  pruneopts = "UT"
  revision = "80a92cca79a8041496ccc9dd773fcb52a57ec6f9"

[[projects]]
  branch = "master"
  digest = "1:e3ddd1f59d3c84917c99ecb1c3420aa6899f6df7495ba9414c13732b2e9568dd"
  name = "github.com/gxed/hashland"
  packages = ["keccakpg"]
  pruneopts = "UT"
  revision = "d9f6b97f8db22dd1e090fd0bbbe98f09cc7dd0a8"

[[projects]]
  digest = "1:8ec8d88c248041a6df5f6574b87bc00e7e0b493881dad2e7ef47b11dc69093b5"
  name = "github.com/hashicorp/golang-lru"
  packages = [
    ".",
    "simplelru",
  ]
  pruneopts = "UT"
  revision = "20f1fb78b0740ba8c3cb143a61e86ba5c8669768"
  version = "v0.5.0"

[[projects]]
  digest = "1:c00cc6d95a674b4b923ac069d364445043bc67836e9bd8aeff8440cfbe6a2cc7"
  name = "github.com/huin/goupnp"
  packages = [
    ".",
    "dcps/internetgateway1",
    "dcps/internetgateway2",
    "httpu",
    "scpd",
    "soap",
    "ssdp",
  ]
  pruneopts = "UT"
  revision = "656e61dfadd241c7cbdd22a023fa81ecb6860ea8"
  version = "v1.0.0"

[[projects]]
  digest = "1:870d441fe217b8e689d7949fef6e43efbc787e50f200cb1e70dbca9204a1d6be"
  name = "github.com/inconshreveable/mousetrap"
  packages = ["."]
  pruneopts = "UT"
  revision = "76626ae9c91c4f2a10f34cad8ce83ea42c93bb75"
  version = "v1.0"

[[projects]]
  digest = "1:a622f1f4113a27efa60889d2fda997236135b653a105b5cd536cbca50cce091f"
  name = "github.com/iotexproject/go-ethereum"
  packages = [
    ".",
    "accounts",
    "accounts/abi",
    "accounts/abi/bind",
    "accounts/keystore",
    "common",
    "common/hexutil",
    "common/math",
    "common/mclock",
    "core/types",
    "core/vm",
    "crypto",
    "crypto/bn256",
    "crypto/bn256/cloudflare",
    "crypto/bn256/google",
    "crypto/secp256k1",
    "crypto/sha3",
    "ethclient",
    "event",
    "log",
    "params",
    "rlp",
    "rpc",
  ]
  pruneopts = "T"
  revision = "ccc12f4fab5e9a9038675904481734570e05f95d"

[[projects]]
  digest = "1:9adf8a325fcb0d2185fe93bbb740e011222ae8e8e4ba475924404fe6c1c323f3"
  name = "github.com/iotexproject/go-fsm"
  packages = ["."]
  pruneopts = "UT"
  revision = "4528c8749aae8cb7868a391390ebd15f5ea84618"

[[projects]]
  digest = "1:b10a83d3f0f844a2eeb49275edfc2d12bccae4019ffbda1083eebcfc077a495f"
  name = "github.com/iotexproject/go-p2p"
  packages = ["."]
  pruneopts = "UT"
  revision = "c26edc20f3d7c9ed16b6d996d162548cda979673"

[[projects]]
  digest = "1:9999472bf9c934426d967c507d61f2de84affb8318b8d8c8bc38b3486edbd826"
  name = "github.com/ipfs/go-cid"
  packages = ["."]
  pruneopts = "UT"
  revision = "6e296c5c49ad84dc6a44af69fa1fe4e1245cd0cf"
  version = "v0.9.0"

[[projects]]
  digest = "1:80ed007eea5ec0f02359685217075730bb18ddcd702c5a3e619b0c35edabfb49"
  name = "github.com/ipfs/go-datastore"
  packages = [
    ".",
    "autobatch",
    "query",
    "sync",
  ]
  pruneopts = "UT"
  revision = "5accf38b689df4e06a973bb70cc678f798d691c0"
  version = "v3.2.0"

[[projects]]
  digest = "1:aae82c244bd91107575a0244a29e82e34ba23e06b6892557e33728de48deba96"
  name = "github.com/ipfs/go-ipfs-util"
  packages = ["."]
  pruneopts = "UT"
  revision = "10d786c5ed859afd22223df76a89bf57b24b2ee1"
  version = "v1.2.8"

[[projects]]
  digest = "1:43248b562ac2508990699768e9e0c3d8073c2d0081a5f2dbdc5efd727d9ed426"
  name = "github.com/ipfs/go-log"
  packages = [
    ".",
    "tracer",
    "tracer/wire",
    "writer",
  ]
  pruneopts = "UT"
  revision = "14e95105cbafcda64fdc36197fe6a30b23c693dc"
  version = "v1.5.7"

[[projects]]
  digest = "1:02f46892f567f7d4750ca585af9f1befecec9133fbd6e2eb329fb305d7f6489d"
  name = "github.com/ipfs/go-todocounter"
  packages = ["."]
  pruneopts = "UT"
  revision = "289b6e202fbecea527f25a32d76593ee2f12de4c"
  version = "v1.0.1"

[[projects]]
  digest = "1:b352ae8b1a77cc6b48fc8e314e34a522cfc76d6ca3a06c93b29c9cde5de6771e"
  name = "github.com/jackpal/gateway"
  packages = ["."]
  pruneopts = "UT"
  revision = "cbcf4e3f3baee7952fc386c8b2534af4d267c875"
  version = "v1.0.5"

[[projects]]
  digest = "1:32b82e71cf24f8b78323e0d7903c4b90278486283965aa2a19b1ea13763b8f34"
  name = "github.com/jackpal/go-nat-pmp"
  packages = ["."]
  pruneopts = "UT"
  revision = "c9cfead9f2a36ddf3daa40ba269aa7f4bbba6b62"
  version = "v1.0.1"

[[projects]]
  branch = "master"
  digest = "1:62fe3a7ea2050ecbd753a71889026f83d73329337ada66325cbafd5dea5f713d"
  name = "github.com/jbenet/go-context"
  packages = ["io"]
  pruneopts = "UT"
  revision = "d14ea06fba99483203c19d92cfcd13ebe73135f4"

[[projects]]
  branch = "master"
  digest = "1:8f4aedc183dc8dfef9a7a1f1ba205dc87ecd2675eea350a736bda889e3bcf8ea"
  name = "github.com/jbenet/go-temp-err-catcher"
  packages = ["."]
  pruneopts = "UT"
  revision = "aac704a3f4f27190b4ccc05f303a4931fd1241ff"

[[projects]]
  branch = "master"
  digest = "1:a2a82ac6d7f2ab5966591f95612e3ecd9afed66051189e06876a29ed3744a3ea"
  name = "github.com/jbenet/goprocess"
  packages = [
    ".",
    "context",
    "periodic",
    "ratelimit",
  ]
  pruneopts = "UT"
  revision = "b497e2f366b8624394fb2e89c10ab607bebdde0b"

[[projects]]
  digest = "1:651240087688933ab0f620305d19c2169a82fe4570525227df57513a7ddd2ffe"
  name = "github.com/libp2p/go-addr-util"
  packages = ["."]
  pruneopts = "UT"
  revision = "94b4c8b41eba1c82140fee9cca456ad13ae81706"
  version = "v2.0.7"

[[projects]]
  digest = "1:f2ffb104978341aadea72e33f375d42c5e1954f3f6f489f2950b18a4a494cff3"
  name = "github.com/libp2p/go-buffer-pool"
  packages = ["."]
  pruneopts = "UT"
  revision = "1d28ab5fdb424e5b3523d357553082e68df9b068"
  version = "v0.1.1"

[[projects]]
  digest = "1:ff4faed648dab1c024de14c7b6165fe0aa3961eccfe0885dde7eb74cf4f58b95"
  name = "github.com/libp2p/go-conn-security"
  packages = [
    ".",
    "insecure",
  ]
  pruneopts = "UT"
  revision = "b7192598fc6d96e4aa1d6a565387cd17ab667987"
  version = "v0.1.15"

[[projects]]
  digest = "1:6d7a9ca11534f9679045a416d868006a9b6f51ab8556fc42f91e5ce0424a455a"
  name = "github.com/libp2p/go-conn-security-multistream"
  packages = ["."]
  pruneopts = "UT"
  revision = "578125a681eee24cac960d84827db34541e3f707"
  version = "v0.1.15"

[[projects]]
  digest = "1:19f2d2506cc0f9a233c9c0753e8c3fd5afa88afb43ff7b795cbba3629d0e96b5"
  name = "github.com/libp2p/go-flow-metrics"
  packages = ["."]
  pruneopts = "UT"
  revision = "cc546389dcf06b4bcbf6b8594069588e5c8a1451"
  version = "v0.2.0"

[[projects]]
  digest = "1:aa334c6fd3016333b2c03115c354c9a7e2b16084c0155ed08b79fabd568b8d3d"
  name = "github.com/libp2p/go-libp2p"
  packages = [
    ".",
    "config",
    "p2p/host/basic",
    "p2p/protocol/identify",
    "p2p/protocol/identify/pb",
    "p2p/protocol/ping",
  ]
  pruneopts = "UT"
  revision = "9356373d00ab1aef3e20c8202b682f93799acf78"
  version = "v6.0.23"

[[projects]]
  digest = "1:6f00253ed14e76cf0b0179ee83311d378388054b3fb3446b4607cab76f5b7297"
  name = "github.com/libp2p/go-libp2p-circuit"
  packages = [
    ".",
    "pb",
  ]
  pruneopts = "UT"
  revision = "16eb677aaa62fd2e5e6d73d66388f8ac38bd6388"
  version = "v2.3.2"

[[projects]]
  digest = "1:4ff86c6d6dd8df23a58e6b6060fea5f150d1a502cdfe8a3e9efd5d25339196c6"
  name = "github.com/libp2p/go-libp2p-crypto"
  packages = [
    ".",
    "pb",
  ]
  pruneopts = "UT"
  revision = "274de1bb6c27780863df6b230c91324ab481dab2"
  version = "v2.0.1"

[[projects]]
  digest = "1:de92515b23a5c4cd04893e67cd9af1dfff7a2a5337f95c36de273ecf757628e7"
  name = "github.com/libp2p/go-libp2p-host"
  packages = ["."]
  pruneopts = "UT"
  revision = "5e19768b7bf3195784caede867b26c0e706c0383"
  version = "v3.0.15"

[[projects]]
  digest = "1:2d4d724593d4d46269bf3111ed7d7a3f50b1084648317e0a288a2168aef92a68"
  name = "github.com/libp2p/go-libp2p-interface-connmgr"
  packages = ["."]
  pruneopts = "UT"
  revision = "61a030e46d8f6c82500b0992360d7a5c701d367a"
  version = "v0.0.21"

[[projects]]
  digest = "1:d7341fdf91c4ea53d68c29ad76965bbbb2f7ba09369bfa7f8339ffbeeb49e2f8"
  name = "github.com/libp2p/go-libp2p-interface-pnet"
  packages = ["."]
  pruneopts = "UT"
  revision = "3eda0a328422c06235501df5be481e4b51edc7cf"
  version = "v3.0.0"

[[projects]]
  digest = "1:70fa56bd58ce2acfb6e6410144fc3af44b54f78e22a7ad6609dfe023133bd9c1"
  name = "github.com/libp2p/go-libp2p-kad-dht"
  packages = [
    ".",
    "opts",
    "pb",
    "providers",
  ]
  pruneopts = "UT"
  revision = "ee77252da00fc7ea9bc3ba309d63cff1c13555be"
  version = "v4.4.12"

[[projects]]
  digest = "1:039ea002cd495f7b0681eea691d7dd00c7ce4b7e866d311bf560d56e6389dc08"
  name = "github.com/libp2p/go-libp2p-kbucket"
  packages = [
    ".",
    "keyspace",
  ]
  pruneopts = "UT"
  revision = "6ac78c66a92e82b828ecaa49e86445ba081446d1"
  version = "v2.2.12"

[[projects]]
  digest = "1:1e4e962b85de4220c9ce046768c6ab7d9a15fb108b1db61e4f0ae127af7470fe"
  name = "github.com/libp2p/go-libp2p-loggables"
  packages = ["."]
  pruneopts = "UT"
  revision = "2edffda90e410fab8ca3663511d33b59314d4b07"
  version = "v1.1.24"

[[projects]]
  digest = "1:e01814b1390e3abc93ca170141d457fab1dcc0c532cdfdd269be58fb2cd6a9f4"
  name = "github.com/libp2p/go-libp2p-metrics"
  packages = ["."]
  pruneopts = "UT"
  revision = "20c0e3fed14ddf84ac8192038accfd393610ed82"
  version = "v2.1.7"

[[projects]]
  digest = "1:e222b863ab92078c7f351548b93d27a5d514fc3ec82927697a320a30e18f47a3"
  name = "github.com/libp2p/go-libp2p-nat"
  packages = ["."]
  pruneopts = "UT"
  revision = "b82aac8589e138824736b2a9d466981dbce6b0d4"
  version = "v0.8.8"

[[projects]]
  digest = "1:8a2a4db6d6708ebb5c9b79c1b51019c1d52025aebb5d3819c697a8d6515cfdca"
  name = "github.com/libp2p/go-libp2p-net"
  packages = ["."]
  pruneopts = "UT"
  revision = "22c96766db92ab111e506ebcd9cc6511ed32e553"
  version = "v3.0.15"

[[projects]]
  digest = "1:874908cf8ac73be8b30561ddcc69d64291a4356db696f23b10111589dcb6eee9"
  name = "github.com/libp2p/go-libp2p-peer"
  packages = [
    ".",
    "peerset",
  ]
  pruneopts = "UT"
  revision = "dd9b45c0649b38aebe65f98cb460676b4214a42c"
  version = "v2.4.0"

[[projects]]
  digest = "1:89c91d08dff33688a40ffa2850907848597a5e8f975edaf96aa07bf240132a85"
  name = "github.com/libp2p/go-libp2p-peerstore"
  packages = [
    ".",
    "addr",
    "pstoremem",
    "queue",
  ]
  pruneopts = "UT"
  revision = "6295e61c9fd2f13ad159c6241be3b371918045e2"
  version = "v2.0.6"

[[projects]]
  digest = "1:99c29233479cb14a63c7cb6b49927a60ae9d6b4b36d74deb12cc45ce503ddeb5"
  name = "github.com/libp2p/go-libp2p-protocol"
  packages = ["."]
  pruneopts = "UT"
  revision = "e34f0d7468b3519bf9bf4e43c1d028ce651eab51"
  version = "v1.0.0"

[[projects]]
  digest = "1:875ec2777e25f997cf505f4202d3a50b7cf06d75cacab7a52e1dfedba575cfc2"
  name = "github.com/libp2p/go-libp2p-pubsub"
  packages = [
    ".",
    "pb",
  ]
  pruneopts = "UT"
  revision = "f736644fe805a9f5677c82aca25c82da7cde2c76"
  version = "v0.11.10"

[[projects]]
  digest = "1:e9460a69b97787611cb5fd53e3532a61b29f04db69ba9a3701e3ca9be85ac8c5"
  name = "github.com/libp2p/go-libp2p-record"
  packages = [
    ".",
    "pb",
  ]
  pruneopts = "UT"
  revision = "7a182bb5ae667ca5c930d807be14d0655afd3d57"
  version = "v4.1.7"

[[projects]]
  digest = "1:0e9df8520b9cc863eeeff7a203746d82b910c4a8123b1aa4ce2253b8c4efa391"
  name = "github.com/libp2p/go-libp2p-routing"
  packages = [
    ".",
    "notifications",
    "options",
  ]
  pruneopts = "UT"
  revision = "c568217bd16dbdb16aaa3064f5d1f2dfa224b589"
  version = "v2.7.1"

[[projects]]
  digest = "1:c6965e617af296544a1323cccd2d93b8a1072bf837939bbc2a977741e4ed799b"
  name = "github.com/libp2p/go-libp2p-secio"
  packages = [
    ".",
    "pb",
  ]
  pruneopts = "UT"
  revision = "8f95e95b9fedc69b1367362a14f1ad3b5bd5bd46"
  version = "v2.0.17"

[[projects]]
  digest = "1:64aabc707c4b71c972be3f0dbb90ee128f0ea73d7cb1588d24db5518ebde18a5"
  name = "github.com/libp2p/go-libp2p-swarm"
  packages = ["."]
  pruneopts = "UT"
  revision = "839f88f8de4d0f8300facdcdf7aa2124d020b2b6"
  version = "v3.0.22"

[[projects]]
  digest = "1:8c90f8b9d62ea464fe296180e857c497c5817ade1a7981b81f9a27fa43c05f34"
  name = "github.com/libp2p/go-libp2p-transport"
  packages = ["."]
  pruneopts = "UT"
  revision = "e6d021be15cb2bfc73fb24d3b16848bc2825bbf6"
  version = "v3.0.15"

[[projects]]
  digest = "1:13b2c4a015a6af88609ae55919f93b8e1f34679d22226861c7bd7bde6a896e2e"
  name = "github.com/libp2p/go-libp2p-transport-upgrader"
  packages = ["."]
  pruneopts = "UT"
  revision = "8dde02b5e75342c09725bc601cf28e9e98f920c7"
  version = "v0.1.16"

[[projects]]
  digest = "1:a0db31bdbf1024f3b11d55ca7a2e2acb5a32adb71a819343ce3dd2094e9c8521"
  name = "github.com/libp2p/go-maddr-filter"
  packages = ["."]
  pruneopts = "UT"
  revision = "7f7ca1e79c453741adb1cc10d8892b186952e9e1"
  version = "v1.1.10"

[[projects]]
  digest = "1:515ae6b1c75dc6cf55b98122944fbecfcc0be312aef9fbb1796ccf70874af1ff"
  name = "github.com/libp2p/go-mplex"
  packages = ["."]
  pruneopts = "UT"
  revision = "1386e7e2261644453d5aecc59c364fcb25ce7a1e"
  version = "v0.2.30"

[[projects]]
  digest = "1:c5cd39920e0b418c165c04c54717e162db866b5662c3508add7cab5a2c23dd66"
  name = "github.com/libp2p/go-msgio"
  packages = ["."]
  pruneopts = "UT"
  revision = "031a413e66129d593337a3f5948d9364e7fc6d43"
  version = "v0.0.6"

[[projects]]
  digest = "1:d9abec232021f869cfb5a3cc6c5db1183cb82a0b13c7491899d511d276513095"
  name = "github.com/libp2p/go-reuseport"
  packages = [
    ".",
    "poll",
    "singlepoll",
  ]
  pruneopts = "UT"
  revision = "dd0c37d7767bc38280bd9813145b65f8bd560629"
  version = "v0.1.18"

[[projects]]
  digest = "1:32f7ba27db8c9cdbca5482c1c02924c1e3dbb5d861c400753f9d4ebbb8a2d45b"
  name = "github.com/libp2p/go-reuseport-transport"
  packages = ["."]
  pruneopts = "UT"
  revision = "58ea7103ffb4b5eb248c4421e60fdb30e9a56dad"
  version = "v0.1.11"

[[projects]]
  digest = "1:96eca00555fddc36f6d1dc6d5d47435005bf8a950e700afcd76508bde723bc0e"
  name = "github.com/libp2p/go-sockaddr"
  packages = ["net"]
  pruneopts = "UT"
  revision = "5c3ac7e71ec1941a0c2ed4271535d9427feb829c"
  version = "v1.0.3"

[[projects]]
  digest = "1:6dab34eae15e82d15c17cedabb7d641b62731cc5c7a3ed233dba226f8e5cb688"
  name = "github.com/libp2p/go-stream-muxer"
  packages = ["."]
  pruneopts = "UT"
  revision = "2ba231669cdd8d310277307dec6ced95a190c495"
  version = "v3.0.1"

[[projects]]
  digest = "1:85307ba5f7e0ab0633436b13416ee716741ef277d02723fabc191cc74aeda976"
  name = "github.com/libp2p/go-tcp-transport"
  packages = ["."]
  pruneopts = "UT"
  revision = "7e41190ec0687ca01f984fc0aa2f0f2352f5295f"
  version = "v2.0.16"

[[projects]]
  digest = "1:67ce64e198cb5d81f6e49352e4653f858c7adf49cfade581396cbea2eae3209f"
  name = "github.com/libp2p/go-ws-transport"
  packages = ["."]
  pruneopts = "UT"
  revision = "246ec4b8bd9a5a539827eca50a6e6d4ce50bb056"
  version = "v2.0.15"

[[projects]]
  digest = "1:c658e84ad3916da105a761660dcaeb01e63416c8ec7bc62256a9b411a05fcd67"
  name = "github.com/mattn/go-colorable"
  packages = ["."]
  pruneopts = "UT"
  revision = "167de6bfdfba052fa6b2d3664c8f5272e23c9072"
  version = "v0.0.9"

[[projects]]
  digest = "1:0981502f9816113c9c8c4ac301583841855c8cf4da8c72f696b3ebedf6d0e4e5"
  name = "github.com/mattn/go-isatty"
  packages = ["."]
  pruneopts = "UT"
  revision = "6ca4dbf54d38eea1a992b3c722a76a5d1c4cb25c"
  version = "v0.0.4"

[[projects]]
  digest = "1:4a49346ca45376a2bba679ca0e83bec949d780d4e927931317904bad482943ec"
  name = "github.com/mattn/go-sqlite3"
  packages = ["."]
  pruneopts = "UT"
  revision = "c7c4067b79cc51e6dfdcef5c702e74b1e0fa7c75"
  version = "v1.10.0"

[[projects]]
  digest = "1:ff5ebae34cfbf047d505ee150de27e60570e8c394b3b8fdbb720ff6ac71985fc"
  name = "github.com/matttproud/golang_protobuf_extensions"
  packages = ["pbutil"]
  pruneopts = "UT"
  revision = "c12348ce28de40eed0136aa2b644d0ee0650e56c"
  version = "v1.0.1"

[[projects]]
  branch = "master"
  digest = "1:130cefe87d7eeefc824978dcb78e35672d4c49a11f25c153fbf0cfd952756fa3"
  name = "github.com/minio/blake2b-simd"
  packages = ["."]
  pruneopts = "UT"
  revision = "3f5f724cb5b182a5c278d6d3d55b40e7f8c2efb4"

[[projects]]
  branch = "master"
  digest = "1:445210ef1e723060b3ebeb691648b5090f154992ee35f7065b70a6a5a96a3bb8"
  name = "github.com/minio/sha256-simd"
  packages = ["."]
  pruneopts = "UT"
  revision = "51976451ce1942acbb55707a983ed232fa027110"

[[projects]]
  digest = "1:cf5b7fbff2c87cff6c0e11f87b30edc21abc6592e6a76f41003ca6d5a712cf48"
  name = "github.com/mr-tron/base58"
  packages = ["base58"]
  pruneopts = "UT"
  revision = "89529c6904fcd077434931b4eac8b4b2f0991baf"
  version = "v1.1.0"

[[projects]]
  digest = "1:9d6b6d261e5b37bfc62ec0d8e2b2efcff7174729713eeba9d2201990503a2801"
  name = "github.com/multiformats/go-multiaddr"
  packages = ["."]
  pruneopts = "UT"
  revision = "8c3eb5dc1c12c5723d5b1d7de82abfa0e6f719d7"
  version = "v1.4.0"

[[projects]]
  digest = "1:555234f024280947ee62e4e911f367fd8b1cad57490108076e2578ec7dde5075"
  name = "github.com/multiformats/go-multiaddr-dns"
  packages = ["."]
  pruneopts = "UT"
  revision = "317a9bc842d426da4d878690625babb26d64e73b"
  version = "v0.2.5"

[[projects]]
  digest = "1:d395f9e8e637fe576f096f6cc65862dc6617236316828032b5a26b42bc9a62a0"
  name = "github.com/multiformats/go-multiaddr-net"
  packages = ["."]
  pruneopts = "UT"
  revision = "cba4f9fea8613343eb7ecc4ddadd8e7298a00c39"
  version = "v1.6.3"

[[projects]]
  digest = "1:28e83f2abf3e3c83b9ad533a4295bdff102f94868b06d5f7bfe71c5477d81c8f"
  name = "github.com/multiformats/go-multibase"
  packages = ["."]
  pruneopts = "UT"
  revision = "bb91b53e5695e699a86654d77d03db7bc7506d12"
  version = "v0.3.0"

[[projects]]
  digest = "1:c0ea71365e7d0e63a2e8f48e6fc2ba92f2f2b739bbeb3cdabdcd719037e175c2"
  name = "github.com/multiformats/go-multihash"
  packages = ["."]
  pruneopts = "UT"
  revision = "8be2a682ab9f254311de1375145a2f78a809b07d"
  version = "v1.0.8"

[[projects]]
  digest = "1:58752a8ce91a3b26ec4ffeb94c9d9e8692b3b639f9ee3e5ca465bda1159b3a9c"
  name = "github.com/multiformats/go-multistream"
  packages = ["."]
  pruneopts = "UT"
  revision = "0e509f6b999d3be262c0702d25fe868c77de1565"
  version = "v0.3.9"

[[projects]]
  digest = "1:450b7623b185031f3a456801155c8320209f75d0d4c4e633c6b1e59d44d6e392"
  name = "github.com/opentracing/opentracing-go"
  packages = [
    ".",
    "ext",
    "log",
  ]
  pruneopts = "UT"
  revision = "1949ddbfd147afd4d964a9f00b24eb291e0e7c38"
  version = "v1.0.2"

[[projects]]
  digest = "1:e5d0bd87abc2781d14e274807a470acd180f0499f8bf5bb18606e9ec22ad9de9"
  name = "github.com/pborman/uuid"
  packages = ["."]
  pruneopts = "UT"
  revision = "adf5a7427709b9deb95d29d3fa8a2bf9cfd388f1"
  version = "v1.2"

[[projects]]
  digest = "1:40e195917a951a8bf867cd05de2a46aaf1806c50cf92eebf4c16f78cd196f747"
  name = "github.com/pkg/errors"
  packages = ["."]
  pruneopts = "UT"
  revision = "645ef00459ed84a119197bfb8d8205042c6df63d"
  version = "v0.8.0"

[[projects]]
  digest = "1:0028cb19b2e4c3112225cd871870f2d9cf49b9b4276531f03438a88e94be86fe"
  name = "github.com/pmezard/go-difflib"
  packages = ["difflib"]
  pruneopts = "UT"
  revision = "792786c7400a136282c1664665ae0a8db921c6c2"
  version = "v1.0.0"

[[projects]]
  digest = "1:26663fafdea73a38075b07e8e9d82fc0056379d2be8bb4e13899e8fda7c7dd23"
  name = "github.com/prometheus/client_golang"
  packages = [
    "prometheus",
    "prometheus/internal",
    "prometheus/promhttp",
  ]
  pruneopts = "UT"
  revision = "abad2d1bd44235a26707c172eab6bca5bf2dbad3"
  version = "v0.9.1"

[[projects]]
  branch = "master"
  digest = "1:2d5cd61daa5565187e1d96bae64dbbc6080dacf741448e9629c64fd93203b0d4"
  name = "github.com/prometheus/client_model"
  packages = ["go"]
  pruneopts = "UT"
  revision = "5c3871d89910bfb32f5fcab2aa4b9ec68e65a99f"

[[projects]]
  branch = "master"
  digest = "1:db712fde5d12d6cdbdf14b777f0c230f4ff5ab0be8e35b239fc319953ed577a4"
  name = "github.com/prometheus/common"
  packages = [
    "expfmt",
    "internal/bitbucket.org/ww/goautoneg",
    "model",
  ]
  pruneopts = "UT"
  revision = "1f2c4f3cd6db5fd6f68f36af6b6d5d936fd93c4e"

[[projects]]
  branch = "master"
  digest = "1:ef74914912f99c79434d9c09658274678bc85080ebe3ab32bec3940ebce5e1fc"
  name = "github.com/prometheus/procfs"
  packages = [
    ".",
    "internal/util",
    "nfs",
    "xfs",
  ]
  pruneopts = "UT"
  revision = "185b4288413d2a0dd0806f78c90dde719829e5ae"

[[projects]]
  digest = "1:31d83d1b1c288073c91abadee3caec87de2a1fb5dbe589039264a802e67a26b8"
  name = "github.com/rjeczalik/notify"
  packages = ["."]
  pruneopts = "UT"
  revision = "69d839f37b13a8cb7a78366f7633a4071cb43be7"
  version = "v0.9.2"

[[projects]]
  digest = "1:b0c25f00bad20d783d259af2af8666969e2fc343fa0dc9efe52936bbd67fb758"
  name = "github.com/rs/cors"
  packages = ["."]
  pruneopts = "UT"
  revision = "9a47f48565a795472d43519dd49aac781f3034fb"
  version = "v1.6.0"

[[projects]]
  digest = "1:6112a5eaec2ec65df289ccbb7a730aaf03e3c5cce6c906d367ccf9b7ac567604"
  name = "github.com/rs/zerolog"
  packages = [
    ".",
    "internal/cbor",
    "internal/json",
  ]
  pruneopts = "UT"
  revision = "8747b7b3a51b5d08ee7ac50eaf4869edaf9f714a"
  version = "v1.11.0"

[[projects]]
  digest = "1:919bb3aa6d9d0b67648c219fa4925312bc3c2872da19e818fa769e9c97a2b643"
  name = "github.com/spaolacci/murmur3"
  packages = ["."]
  pruneopts = "UT"
  revision = "9f5d223c60793748f04a9d5b4b4eacddfc1f755d"
  version = "v1.1"

[[projects]]
  digest = "1:645cabccbb4fa8aab25a956cbcbdf6a6845ca736b2c64e197ca7cbb9d210b939"
  name = "github.com/spf13/cobra"
  packages = ["."]
  pruneopts = "UT"
  revision = "ef82de70bb3f60c65fb8eebacbb2d122ef517385"
  version = "v0.0.3"

[[projects]]
  digest = "1:c1b1102241e7f645bc8e0c22ae352e8f0dc6484b6cb4d132fa9f24174e0119e2"
  name = "github.com/spf13/pflag"
  packages = ["."]
  pruneopts = "UT"
  revision = "298182f68c66c05229eb03ac171abe6e309ee79a"
  version = "v1.0.3"

[[projects]]
  digest = "1:5da8ce674952566deae4dbc23d07c85caafc6cfa815b0b3e03e41979cedb8750"
  name = "github.com/stretchr/testify"
  packages = [
    "assert",
    "require",
  ]
  pruneopts = "UT"
  revision = "ffdc059bfe9ce6a4e144ba849dbedead332c6053"
  version = "v1.3.0"

[[projects]]
  branch = "master"
  digest = "1:98fa13beefbf581ec173561adad6374c460631593b4bdcf03adc29cd18e5d2f5"
  name = "github.com/whyrusleeping/base32"
  packages = ["."]
  pruneopts = "UT"
  revision = "c30ac30633ccdabefe87eb12465113f06f1bab75"

[[projects]]
  branch = "master"
  digest = "1:b33eed6794f2b2d1a7d0b45cb705402f26af0f0ad6521667e144ffa71f52d9d9"
  name = "github.com/whyrusleeping/go-keyspace"
  packages = ["."]
  pruneopts = "UT"
  revision = "5b898ac5add1da7178a4a98e69cb7b9205c085ee"

[[projects]]
  branch = "master"
  digest = "1:0102dfa2f98777db8ff68c920bef1be3ff8504e90485b6cdd24d61b981b487b6"
  name = "github.com/whyrusleeping/go-logging"
  packages = ["."]
  pruneopts = "UT"
  revision = "0457bb6b88fc1973573aaf6b5145d8d3ae972390"

[[projects]]
  branch = "master"
  digest = "1:94796f9decedb46b17985693cbe996ce3642a991f0efcf7bf9a6c5197da3eefc"
  name = "github.com/whyrusleeping/go-notifier"
  packages = ["."]
  pruneopts = "UT"
  revision = "097c5d47330ff6a823f67e3515faa13566a62c6f"

[[projects]]
  digest = "1:1c5b129f012e176d9cbcb173c67fef17698a2d0a8169e94c8db9e7beeb3ef716"
  name = "github.com/whyrusleeping/go-smux-multiplex"
  packages = ["."]
  pruneopts = "UT"
  revision = "2b855d4f3a3051b0133f7783bffe06e4b7833d1e"
  version = "v3.0.16"

[[projects]]
  digest = "1:262e85ef9e2082fcb44335f6349699d61d5ac3672d24dcf3bf4cbc7377b51e96"
  name = "github.com/whyrusleeping/go-smux-multistream"
  packages = ["."]
  pruneopts = "UT"
  revision = "e799b10bc6eea2cc5ce18f7b7b4d8e1a0439476d"
  version = "v2.0.2"

[[projects]]
  digest = "1:b3205c79e29e2878a1a90216ef97575b9624ce7cffc1230392967253917ae2aa"
  name = "github.com/whyrusleeping/go-smux-yamux"
  packages = ["."]
  pruneopts = "UT"
  revision = "49458276a01f7fbc32ff62c8955fa3e852b8e772"
  version = "v2.0.8"

[[projects]]
  digest = "1:6c96967502c55c555abfe560f561a124951345e713a8e87cc6e2c214976e6e75"
  name = "github.com/whyrusleeping/mafmt"
  packages = ["."]
  pruneopts = "UT"
  revision = "7aa7fad2ede4e7157818e3e7af5061f866a9ae23"
  version = "v1.2.8"

[[projects]]
  branch = "master"
  digest = "1:94b933c1b26f1da25d25a089937d15987170a0a54109aa521a111345c3e84581"
  name = "github.com/whyrusleeping/multiaddr-filter"
  packages = ["."]
  pruneopts = "UT"
  revision = "e903e4adabd70b78bc9293b6ee4f359afb3f9f59"

[[projects]]
  branch = "master"
  digest = "1:1ccd9d66ae1abe6b3b28d8b68e09387533fee345d8bbaa753af2fa16e0505807"
  name = "github.com/whyrusleeping/timecache"
  packages = ["."]
  pruneopts = "UT"
  revision = "cfcb2f1abfee846c430233aef0b630a946e0a5a6"

[[projects]]
  digest = "1:b7132f3506d2a5a9bd4e5bf80cb7efbea4f14ea1afe24a2461f4c73d90f7d62a"
  name = "github.com/whyrusleeping/yamux"
  packages = ["."]
  pruneopts = "UT"
  revision = "98c0f1efe02b69cd8d8d45452d83663fa25c81e0"
  version = "v1.1.2"

[[projects]]
  digest = "1:3762d59edaa6e5c71d5e594c020c8391f274ff283e9c30fb43c518ec59a3f9b3"
  name = "go.etcd.io/bbolt"
  packages = ["."]
  pruneopts = "UT"
  revision = "7ee3ded59d4835e10f3e7d0f7603c42aa5e83820"
  version = "v1.3.1-etcd.8"

[[projects]]
  digest = "1:3c1a69cdae3501bf75e76d0d86dc6f2b0a7421bc205c0cb7b96b19eed464a34d"
  name = "go.uber.org/atomic"
  packages = ["."]
  pruneopts = "UT"
  revision = "1ea20fb1cbb1cc08cbd0d913a96dead89aa18289"
  version = "v1.3.2"

[[projects]]
  digest = "1:a51a1c97b728b00cc514dfe5f78aad3354491792e69b881ea88176dd3fa30ef6"
  name = "go.uber.org/automaxprocs"
  packages = [
    ".",
    "internal/cgroups",
    "internal/runtime",
    "maxprocs",
  ]
  pruneopts = "UT"
  revision = "946a8391268aea0a60a86403988ff3ab4b604a83"
  version = "v1.2.0"

[[projects]]
  digest = "1:24f85e10db870aad266d1983b96d99294f470f8e99e72d803583139446d4cf63"
  name = "go.uber.org/config"
  packages = [
    ".",
    "internal/merge",
    "internal/unreachable",
  ]
  pruneopts = "UT"
  revision = "c9c3d11a88c1a266ced73d92e22e1d36d2bc2ed6"
  version = "v1.3.1"

[[projects]]
  digest = "1:60bf2a5e347af463c42ed31a493d817f8a72f102543060ed992754e689805d1a"
  name = "go.uber.org/multierr"
  packages = ["."]
  pruneopts = "UT"
  revision = "3c4937480c32f4c13a875a1829af76c98ca3d40a"
  version = "v1.1.0"

[[projects]]
  digest = "1:c52caf7bd44f92e54627a31b85baf06a68333a196b3d8d241480a774733dcf8b"
  name = "go.uber.org/zap"
  packages = [
    ".",
    "buffer",
    "internal/bufferpool",
    "internal/color",
    "internal/exit",
    "zapcore",
  ]
  pruneopts = "UT"
  revision = "ff33455a0e382e8a81d14dd7c922020b6b5e7982"
  version = "v1.9.1"

[[projects]]
  branch = "master"
  digest = "1:8bad1f71ce72360c9ce22516a4a1de7a2b72913dfea944de68727e91b044278a"
  name = "golang.org/x/crypto"
  packages = [
    "blake2b",
    "blake2s",
    "blowfish",
    "pbkdf2",
    "ripemd160",
    "scrypt",
    "sha3",
  ]
  pruneopts = "UT"
  revision = "3d3f9f413869b949e48070b5bc593aa22cc2b8f2"

[[projects]]
  branch = "master"
  digest = "1:a3563710705dcc8f5cf6bec778be38ccba4ef6002d99b7bb0bba0a194730f7f6"
  name = "golang.org/x/net"
  packages = [
    "context",
    "html",
    "html/atom",
    "html/charset",
    "internal/timeseries",
    "trace",
    "websocket",
  ]
  pruneopts = "UT"
  revision = "adae6a3d119ae4890b46832a2e88a95adc62b8e7"

[[projects]]
  branch = "master"
  digest = "1:b521f10a2d8fa85c04a8ef4e62f2d1e14d303599a55d64dabf9f5a02f84d35eb"
  name = "golang.org/x/sync"
  packages = ["errgroup"]
  pruneopts = "UT"
  revision = "42b317875d0fa942474b76e1b46a6060d720ae6e"

[[projects]]
  branch = "master"
  digest = "1:58ddfe5d263625d997ae49a44f5329e456e7078dd4b451ce9c5d1816db148438"
  name = "golang.org/x/sys"
  packages = [
    "cpu",
    "unix",
    "windows",
  ]
  pruneopts = "UT"
  revision = "93218def8b18e66adbdab3eca8ec334700329f1f"

[[projects]]
  digest = "1:aa4d6967a3237f8367b6bf91503964a77183ecf696f1273e8ad3551bb4412b5f"
  name = "golang.org/x/text"
  packages = [
    "encoding",
    "encoding/charmap",
    "encoding/htmlindex",
    "encoding/internal",
    "encoding/internal/identifier",
    "encoding/japanese",
    "encoding/korean",
    "encoding/simplifiedchinese",
    "encoding/traditionalchinese",
    "encoding/unicode",
    "internal/gen",
    "internal/tag",
    "internal/utf8internal",
    "language",
    "runes",
    "transform",
    "unicode/cldr",
  ]
  pruneopts = "UT"
  revision = "f21a4dfb5e38f5895301dc265a8def02365cc3d0"
  version = "v0.3.0"

[[projects]]
  branch = "master"
  digest = "1:366b01ba5b7796687e15d90bd2a98e0f298ad32add9b880694bf1ca8ff7d598f"
  name = "golang.org/x/tools"
  packages = [
    "go/ast/astutil",
    "go/gcexportdata",
    "go/internal/cgo",
    "go/internal/gcimporter",
    "go/internal/packagesdriver",
    "go/packages",
    "go/types/typeutil",
    "imports",
    "internal/fastwalk",
    "internal/gopathwalk",
    "internal/module",
    "internal/semver",
  ]
  pruneopts = "UT"
  revision = "0c44af741bb7ee876f4c02a8205654b087b73f51"

[[projects]]
  digest = "1:c25289f43ac4a68d88b02245742347c94f1e108c534dda442188015ff80669b3"
  name = "google.golang.org/appengine"
  packages = ["cloudsql"]
  pruneopts = "UT"
  revision = "4a4468ece617fc8205e99368fa2200e9d1fad421"
  version = "v1.3.0"

[[projects]]
  branch = "v2"
  digest = "1:3d3f9391ab615be8655ae0d686a1564f3fec413979bb1aaf018bac1ec1bb1cc7"
  name = "gopkg.in/natefinch/npipe.v2"
  packages = ["."]
  pruneopts = "UT"
  revision = "c1b8fa8bdccecb0b8db834ee0b92fdbcfa606dd6"

[[projects]]
  digest = "1:342378ac4dcb378a5448dd723f0784ae519383532f5e70ade24132c4c8693202"
  name = "gopkg.in/yaml.v2"
  packages = ["."]
  pruneopts = "UT"
  revision = "5420a8b6744d3b0345ab293f6fcba19c978f1183"
  version = "v2.2.1"

[solve-meta]
  analyzer-name = "dep"
  analyzer-version = 1
  input-imports = [
    "github.com/cenkalti/backoff",
    "github.com/coopernurse/barrister-go",
    "github.com/dgraph-io/badger",
    "github.com/facebookgo/clock",
    "github.com/go-sql-driver/mysql",
    "github.com/golang/mock/gomock",
    "github.com/golang/protobuf/jsonpb",
    "github.com/golang/protobuf/proto",
    "github.com/golang/protobuf/ptypes",
    "github.com/golang/protobuf/ptypes/timestamp",
    "github.com/iotexproject/go-ethereum",
    "github.com/iotexproject/go-ethereum/accounts/abi",
    "github.com/iotexproject/go-ethereum/accounts/abi/bind",
    "github.com/iotexproject/go-ethereum/common",
    "github.com/iotexproject/go-ethereum/core/types",
    "github.com/iotexproject/go-ethereum/core/vm",
    "github.com/iotexproject/go-ethereum/crypto",
    "github.com/iotexproject/go-ethereum/ethclient",
    "github.com/iotexproject/go-ethereum/event",
    "github.com/iotexproject/go-ethereum/params",
    "github.com/iotexproject/go-fsm",
    "github.com/iotexproject/go-p2p",
    "github.com/libp2p/go-libp2p-peerstore",
    "github.com/mattn/go-sqlite3",
    "github.com/multiformats/go-multiaddr",
    "github.com/pkg/errors",
    "github.com/prometheus/client_golang/prometheus",
    "github.com/prometheus/client_golang/prometheus/promhttp",
    "github.com/rs/zerolog",
    "github.com/spf13/cobra",
    "github.com/stretchr/testify/assert",
    "github.com/stretchr/testify/require",
    "go.etcd.io/bbolt",
    "go.uber.org/automaxprocs",
    "go.uber.org/config",
    "go.uber.org/zap",
    "go.uber.org/zap/zapcore",
    "golang.org/x/crypto/blake2b",
    "golang.org/x/net/context",
    "golang.org/x/sync/errgroup",
    "gopkg.in/yaml.v2",
  ]
  solver-name = "gps-cdcl"
  solver-version = 1
